
Microsoft Visual Studio Solution File, Format Version 12.00
# Visual Studio Version 17
VisualStudioVersion = 17.14.36511.14 d17.14
MinimumVisualStudioVersion = 10.0.40219.1
Project("{2150E333-8FDC-42A3-9474-1A3956D46DE8}") = "Core", "Core", "{02EA681E-C7D8-13C7-8484-4AC65E1B71E8}"
EndProject
Project("{2150E333-8FDC-42A3-9474-1A3956D46DE8}") = "FrontEnd", "FrontEnd", "{467EB6C0-91E8-475B-9AF6-8A3CDFEA7882}"
EndProject
Project("{2150E333-8FDC-42A3-9474-1A3956D46DE8}") = "Requarements", "Requarements", "{EC89D40B-4CFF-4F66-9500-2E9EEB813641}"
EndProject
Project("{2150E333-8FDC-42A3-9474-1A3956D46DE8}") = "Infrastructures", "Infrastructures", "{C23A3E19-AC56-45B8-9BE7-D49AC7E0EA61}"
EndProject
Project("{2150E333-8FDC-42A3-9474-1A3956D46DE8}") = "Presentation", "Presentation", "{184CEC3B-45D0-4CFB-AB22-E8160D6F2EC1}"
EndProject
Global
	GlobalSection(SolutionProperties) = preSolution
		HideSolutionNode = FALSE
	EndGlobalSection
	GlobalSection(ExtensibilityGlobals) = postSolution
		SolutionGuid = {969259F2-20EF-472A-B0A0-0E19D3D29F14}
	EndGlobalSection
EndGlobal
